// !$*UTF8*$!
{
	archiveVersion = 1;
	classes = {
	};
	objectVersion = 56;
	objects = {

/* Begin PBXBuildFile section */
		4D1E472F2ACF5B9000A74E79 /* IssueTrackerApp.swift in Sources */ = {isa = PBXBuildFile; fileRef = 4D1E472E2ACF5B9000A74E79 /* IssueTrackerApp.swift */; };
		4D1E47312ACF5B9000A74E79 /* ContentView.swift in Sources */ = {isa = PBXBuildFile; fileRef = 4D1E47302ACF5B9000A74E79 /* ContentView.swift */; };
		4D1E47332ACF5B9200A74E79 /* Assets.xcassets in Resources */ = {isa = PBXBuildFile; fileRef = 4D1E47322ACF5B9200A74E79 /* Assets.xcassets */; };
		4D1E47372ACF5B9200A74E79 /* Preview Assets.xcassets in Resources */ = {isa = PBXBuildFile; fileRef = 4D1E47362ACF5B9200A74E79 /* Preview Assets.xcassets */; };
		4D1E473F2ACF5C0500A74E79 /* Main.xcdatamodeld in Sources */ = {isa = PBXBuildFile; fileRef = 4D1E473D2ACF5C0500A74E79 /* Main.xcdatamodeld */; };
		4D1E47422ACF5DDC00A74E79 /* Issue+Ext.swift in Sources */ = {isa = PBXBuildFile; fileRef = 4D1E47412ACF5DDC00A74E79 /* Issue+Ext.swift */; };
		4D1E47452ACF74B800A74E79 /* DataManager.swift in Sources */ = {isa = PBXBuildFile; fileRef = 4D1E47442ACF74B800A74E79 /* DataManager.swift */; };
		4D1E47472ACF74C700A74E79 /* Tag+Ext.swift in Sources */ = {isa = PBXBuildFile; fileRef = 4D1E47462ACF74C700A74E79 /* Tag+Ext.swift */; };
		4D1E474B2ACF7E9F00A74E79 /* SidebarView.swift in Sources */ = {isa = PBXBuildFile; fileRef = 4D1E474A2ACF7E9F00A74E79 /* SidebarView.swift */; };
		4D1E474D2ACF7EA600A74E79 /* DetailView.swift in Sources */ = {isa = PBXBuildFile; fileRef = 4D1E474C2ACF7EA600A74E79 /* DetailView.swift */; };
		4D1E474F2ACF811100A74E79 /* Filter.swift in Sources */ = {isa = PBXBuildFile; fileRef = 4D1E474E2ACF811100A74E79 /* Filter.swift */; };
		4DD0A6F72AD1E6F900F72473 /* AwardsView.swift in Sources */ = {isa = PBXBuildFile; fileRef = 4DD0A6F62AD1E6F800F72473 /* AwardsView.swift */; };
		4DD0A6FC2AD2044800F72473 /* Localizable.strings in Resources */ = {isa = PBXBuildFile; fileRef = 4DD0A6FE2AD2044800F72473 /* Localizable.strings */; };
		4DD0A7002AD204EE00F72473 /* Localizable.stringsdict in Resources */ = {isa = PBXBuildFile; fileRef = 4DD0A7022AD204EE00F72473 /* Localizable.stringsdict */; };
		4DD0A7042AD2056B00F72473 /* Awards.json in Resources */ = {isa = PBXBuildFile; fileRef = 4DD0A7062AD2056B00F72473 /* Awards.json */; };
		4DD0A7092AD219C400F72473 /* SidebarViewToolbar.swift in Sources */ = {isa = PBXBuildFile; fileRef = 4DD0A7082AD219C400F72473 /* SidebarViewToolbar.swift */; };
		4DD0A70B2AD21B3000F72473 /* IssueViewToolbar.swift in Sources */ = {isa = PBXBuildFile; fileRef = 4DD0A70A2AD21B3000F72473 /* IssueViewToolbar.swift */; };
		4DD0A70D2AD21C6400F72473 /* ContentViewToolbar.swift in Sources */ = {isa = PBXBuildFile; fileRef = 4DD0A70C2AD21C6400F72473 /* ContentViewToolbar.swift */; };
		4DD0A7152AD21E5A00F72473 /* TagsMenuView.swift in Sources */ = {isa = PBXBuildFile; fileRef = 4DD0A7142AD21E5A00F72473 /* TagsMenuView.swift */; };
		4DD0A7172AD21F6100F72473 /* SmartFilterRow.swift in Sources */ = {isa = PBXBuildFile; fileRef = 4DD0A7162AD21F6100F72473 /* SmartFilterRow.swift */; };
		4DD0A7192AD21FD800F72473 /* UserFilterRow.swift in Sources */ = {isa = PBXBuildFile; fileRef = 4DD0A7182AD21FD800F72473 /* UserFilterRow.swift */; };
		4DD0A71C2AD238F100F72473 /* README.md in Resources */ = {isa = PBXBuildFile; fileRef = 4DD0A71B2AD238F100F72473 /* README.md */; };
		4DD0A72B2AD24DBD00F72473 /* IssueTrackerTests.swift in Sources */ = {isa = PBXBuildFile; fileRef = 4DD0A72A2AD24DBD00F72473 /* IssueTrackerTests.swift */; };
		4DD0A7332AD2505100F72473 /* AssetTests.swift in Sources */ = {isa = PBXBuildFile; fileRef = 4DD0A7322AD2505100F72473 /* AssetTests.swift */; };
		4DD0A7352AD2526800F72473 /* TagTests.swift in Sources */ = {isa = PBXBuildFile; fileRef = 4DD0A7342AD2526800F72473 /* TagTests.swift */; };
		4DD0A7372AD259A500F72473 /* AwardsTest.swift in Sources */ = {isa = PBXBuildFile; fileRef = 4DD0A7362AD259A500F72473 /* AwardsTest.swift */; };
		4DD0A7392AD2695A00F72473 /* DevelopmentTests.swift in Sources */ = {isa = PBXBuildFile; fileRef = 4DD0A7382AD2695A00F72473 /* DevelopmentTests.swift */; };
		4DD0A73B2AD26B3900F72473 /* ExtensionTests.swift in Sources */ = {isa = PBXBuildFile; fileRef = 4DD0A73A2AD26B3900F72473 /* ExtensionTests.swift */; };
		4DD0A73E2AD26DDA00F72473 /* DecodableDictionary.json in Resources */ = {isa = PBXBuildFile; fileRef = 4DD0A73D2AD26DDA00F72473 /* DecodableDictionary.json */; };
		4DD0A7402AD26E0A00F72473 /* DecodableString.json in Resources */ = {isa = PBXBuildFile; fileRef = 4DD0A73F2AD26E0A00F72473 /* DecodableString.json */; };
		4DD0A7422AD2715000F72473 /* PerformaceTests.swift in Sources */ = {isa = PBXBuildFile; fileRef = 4DD0A7412AD2715000F72473 /* PerformaceTests.swift */; };
		4DD0A74A2AD2751100F72473 /* IssueTrackerUITests.swift in Sources */ = {isa = PBXBuildFile; fileRef = 4DD0A7492AD2751100F72473 /* IssueTrackerUITests.swift */; };
		4DD0A74C2AD2751100F72473 /* IssueTrackerUITestsLaunchTests.swift in Sources */ = {isa = PBXBuildFile; fileRef = 4DD0A74B2AD2751100F72473 /* IssueTrackerUITestsLaunchTests.swift */; };
		4DE0331C2ACFC69C00F0B354 /* IssueView.swift in Sources */ = {isa = PBXBuildFile; fileRef = 4DE0331B2ACFC69C00F0B354 /* IssueView.swift */; };
		4DE0331E2ACFC6A200F0B354 /* NoIssueView.swift in Sources */ = {isa = PBXBuildFile; fileRef = 4DE0331D2ACFC6A200F0B354 /* NoIssueView.swift */; };
		4DE033212AD0CB1200F0B354 /* Bundle+Ext.swift in Sources */ = {isa = PBXBuildFile; fileRef = 4DE033202AD0CB1200F0B354 /* Bundle+Ext.swift */; };
		4DE033262AD0D04100F0B354 /* Colors.xcassets in Resources */ = {isa = PBXBuildFile; fileRef = 4DE033242AD0D04100F0B354 /* Colors.xcassets */; };
		4DE033292AD0D0E300F0B354 /* Award.swift in Sources */ = {isa = PBXBuildFile; fileRef = 4DE033282AD0D0E300F0B354 /* Award.swift */; };
		4DF816142ACFA846009A52CC /* IssueRow.swift in Sources */ = {isa = PBXBuildFile; fileRef = 4DF816132ACFA846009A52CC /* IssueRow.swift */; };
		4DFDB10F2AD3B1D00048574A /* SidebarViewModel.swift in Sources */ = {isa = PBXBuildFile; fileRef = 4DFDB10E2AD3B1D00048574A /* SidebarViewModel.swift */; };
/* End PBXBuildFile section */

/* Begin PBXContainerItemProxy section */
		4DD0A72C2AD24DBD00F72473 /* PBXContainerItemProxy */ = {
			isa = PBXContainerItemProxy;
			containerPortal = 4D1E47232ACF5B9000A74E79 /* Project object */;
			proxyType = 1;
			remoteGlobalIDString = 4D1E472A2ACF5B9000A74E79;
			remoteInfo = IssueTracker;
		};
		4DD0A74D2AD2751100F72473 /* PBXContainerItemProxy */ = {
			isa = PBXContainerItemProxy;
			containerPortal = 4D1E47232ACF5B9000A74E79 /* Project object */;
			proxyType = 1;
			remoteGlobalIDString = 4D1E472A2ACF5B9000A74E79;
			remoteInfo = IssueTracker;
		};
/* End PBXContainerItemProxy section */

/* Begin PBXFileReference section */
		4D1E472B2ACF5B9000A74E79 /* IssueTracker.app */ = {isa = PBXFileReference; explicitFileType = wrapper.application; includeInIndex = 0; path = IssueTracker.app; sourceTree = BUILT_PRODUCTS_DIR; };
		4D1E472E2ACF5B9000A74E79 /* IssueTrackerApp.swift */ = {isa = PBXFileReference; lastKnownFileType = sourcecode.swift; path = IssueTrackerApp.swift; sourceTree = "<group>"; };
		4D1E47302ACF5B9000A74E79 /* ContentView.swift */ = {isa = PBXFileReference; lastKnownFileType = sourcecode.swift; path = ContentView.swift; sourceTree = "<group>"; };
		4D1E47322ACF5B9200A74E79 /* Assets.xcassets */ = {isa = PBXFileReference; lastKnownFileType = folder.assetcatalog; path = Assets.xcassets; sourceTree = "<group>"; };
		4D1E47342ACF5B9200A74E79 /* IssueTracker.entitlements */ = {isa = PBXFileReference; lastKnownFileType = text.plist.entitlements; path = IssueTracker.entitlements; sourceTree = "<group>"; };
		4D1E47362ACF5B9200A74E79 /* Preview Assets.xcassets */ = {isa = PBXFileReference; lastKnownFileType = folder.assetcatalog; path = "Preview Assets.xcassets"; sourceTree = "<group>"; };
		4D1E473E2ACF5C0500A74E79 /* Main.xcdatamodel */ = {isa = PBXFileReference; lastKnownFileType = wrapper.xcdatamodel; path = Main.xcdatamodel; sourceTree = "<group>"; };
		4D1E47412ACF5DDC00A74E79 /* Issue+Ext.swift */ = {isa = PBXFileReference; lastKnownFileType = sourcecode.swift; path = "Issue+Ext.swift"; sourceTree = "<group>"; };
		4D1E47442ACF74B800A74E79 /* DataManager.swift */ = {isa = PBXFileReference; lastKnownFileType = sourcecode.swift; path = DataManager.swift; sourceTree = "<group>"; };
		4D1E47462ACF74C700A74E79 /* Tag+Ext.swift */ = {isa = PBXFileReference; lastKnownFileType = sourcecode.swift; path = "Tag+Ext.swift"; sourceTree = "<group>"; };
		4D1E47482ACF7BDC00A74E79 /* IssueTrackerRelease.entitlements */ = {isa = PBXFileReference; lastKnownFileType = text.plist.entitlements; path = IssueTrackerRelease.entitlements; sourceTree = "<group>"; };
		4D1E47492ACF7BF300A74E79 /* Info.plist */ = {isa = PBXFileReference; lastKnownFileType = text.plist.xml; path = Info.plist; sourceTree = "<group>"; };
		4D1E474A2ACF7E9F00A74E79 /* SidebarView.swift */ = {isa = PBXFileReference; lastKnownFileType = sourcecode.swift; path = SidebarView.swift; sourceTree = "<group>"; };
		4D1E474C2ACF7EA600A74E79 /* DetailView.swift */ = {isa = PBXFileReference; lastKnownFileType = sourcecode.swift; path = DetailView.swift; sourceTree = "<group>"; };
		4D1E474E2ACF811100A74E79 /* Filter.swift */ = {isa = PBXFileReference; lastKnownFileType = sourcecode.swift; path = Filter.swift; sourceTree = "<group>"; };
		4DD0A6F62AD1E6F800F72473 /* AwardsView.swift */ = {isa = PBXFileReference; fileEncoding = 4; lastKnownFileType = sourcecode.swift; path = AwardsView.swift; sourceTree = "<group>"; };
		4DD0A6FD2AD2044800F72473 /* en */ = {isa = PBXFileReference; lastKnownFileType = text.plist.strings; name = en; path = en.lproj/Localizable.strings; sourceTree = "<group>"; };
		4DD0A6FF2AD2046700F72473 /* hu */ = {isa = PBXFileReference; lastKnownFileType = text.plist.strings; name = hu; path = hu.lproj/Localizable.strings; sourceTree = "<group>"; };
		4DD0A7012AD204EE00F72473 /* en */ = {isa = PBXFileReference; lastKnownFileType = text.plist.stringsdict; name = en; path = en.lproj/Localizable.stringsdict; sourceTree = "<group>"; };
		4DD0A7032AD204F100F72473 /* hu */ = {isa = PBXFileReference; lastKnownFileType = text.plist.stringsdict; name = hu; path = hu.lproj/Localizable.stringsdict; sourceTree = "<group>"; };
		4DD0A7052AD2056B00F72473 /* en */ = {isa = PBXFileReference; lastKnownFileType = text.json; name = en; path = en.lproj/Awards.json; sourceTree = "<group>"; };
		4DD0A7072AD2056E00F72473 /* hu */ = {isa = PBXFileReference; lastKnownFileType = text.json; name = hu; path = hu.lproj/Awards.json; sourceTree = "<group>"; };
		4DD0A7082AD219C400F72473 /* SidebarViewToolbar.swift */ = {isa = PBXFileReference; lastKnownFileType = sourcecode.swift; path = SidebarViewToolbar.swift; sourceTree = "<group>"; };
		4DD0A70A2AD21B3000F72473 /* IssueViewToolbar.swift */ = {isa = PBXFileReference; lastKnownFileType = sourcecode.swift; path = IssueViewToolbar.swift; sourceTree = "<group>"; };
		4DD0A70C2AD21C6400F72473 /* ContentViewToolbar.swift */ = {isa = PBXFileReference; lastKnownFileType = sourcecode.swift; path = ContentViewToolbar.swift; sourceTree = "<group>"; };
		4DD0A7142AD21E5A00F72473 /* TagsMenuView.swift */ = {isa = PBXFileReference; lastKnownFileType = sourcecode.swift; path = TagsMenuView.swift; sourceTree = "<group>"; };
		4DD0A7162AD21F6100F72473 /* SmartFilterRow.swift */ = {isa = PBXFileReference; lastKnownFileType = sourcecode.swift; path = SmartFilterRow.swift; sourceTree = "<group>"; };
		4DD0A7182AD21FD800F72473 /* UserFilterRow.swift */ = {isa = PBXFileReference; lastKnownFileType = sourcecode.swift; path = UserFilterRow.swift; sourceTree = "<group>"; };
		4DD0A71B2AD238F100F72473 /* README.md */ = {isa = PBXFileReference; lastKnownFileType = net.daringfireball.markdown; path = README.md; sourceTree = "<group>"; };
		4DD0A7282AD24DBD00F72473 /* IssueTrackerTests.xctest */ = {isa = PBXFileReference; explicitFileType = wrapper.cfbundle; includeInIndex = 0; path = IssueTrackerTests.xctest; sourceTree = BUILT_PRODUCTS_DIR; };
		4DD0A72A2AD24DBD00F72473 /* IssueTrackerTests.swift */ = {isa = PBXFileReference; lastKnownFileType = sourcecode.swift; path = IssueTrackerTests.swift; sourceTree = "<group>"; };
		4DD0A7312AD24ED800F72473 /* IssueTracker.xctestplan */ = {isa = PBXFileReference; lastKnownFileType = text; path = IssueTracker.xctestplan; sourceTree = "<group>"; };
		4DD0A7322AD2505100F72473 /* AssetTests.swift */ = {isa = PBXFileReference; lastKnownFileType = sourcecode.swift; path = AssetTests.swift; sourceTree = "<group>"; };
		4DD0A7342AD2526800F72473 /* TagTests.swift */ = {isa = PBXFileReference; lastKnownFileType = sourcecode.swift; path = TagTests.swift; sourceTree = "<group>"; };
		4DD0A7362AD259A500F72473 /* AwardsTest.swift */ = {isa = PBXFileReference; lastKnownFileType = sourcecode.swift; path = AwardsTest.swift; sourceTree = "<group>"; };
		4DD0A7382AD2695A00F72473 /* DevelopmentTests.swift */ = {isa = PBXFileReference; lastKnownFileType = sourcecode.swift; path = DevelopmentTests.swift; sourceTree = "<group>"; };
		4DD0A73A2AD26B3900F72473 /* ExtensionTests.swift */ = {isa = PBXFileReference; lastKnownFileType = sourcecode.swift; path = ExtensionTests.swift; sourceTree = "<group>"; };
		4DD0A73D2AD26DDA00F72473 /* DecodableDictionary.json */ = {isa = PBXFileReference; lastKnownFileType = text.json; path = DecodableDictionary.json; sourceTree = "<group>"; };
		4DD0A73F2AD26E0A00F72473 /* DecodableString.json */ = {isa = PBXFileReference; lastKnownFileType = text.json; path = DecodableString.json; sourceTree = "<group>"; };
		4DD0A7412AD2715000F72473 /* PerformaceTests.swift */ = {isa = PBXFileReference; lastKnownFileType = sourcecode.swift; path = PerformaceTests.swift; sourceTree = "<group>"; };
		4DD0A7472AD2751100F72473 /* IssueTrackerUITests.xctest */ = {isa = PBXFileReference; explicitFileType = wrapper.cfbundle; includeInIndex = 0; path = IssueTrackerUITests.xctest; sourceTree = BUILT_PRODUCTS_DIR; };
		4DD0A7492AD2751100F72473 /* IssueTrackerUITests.swift */ = {isa = PBXFileReference; lastKnownFileType = sourcecode.swift; path = IssueTrackerUITests.swift; sourceTree = "<group>"; };
		4DD0A74B2AD2751100F72473 /* IssueTrackerUITestsLaunchTests.swift */ = {isa = PBXFileReference; lastKnownFileType = sourcecode.swift; path = IssueTrackerUITestsLaunchTests.swift; sourceTree = "<group>"; };
		4DE0331B2ACFC69C00F0B354 /* IssueView.swift */ = {isa = PBXFileReference; lastKnownFileType = sourcecode.swift; path = IssueView.swift; sourceTree = "<group>"; };
		4DE0331D2ACFC6A200F0B354 /* NoIssueView.swift */ = {isa = PBXFileReference; lastKnownFileType = sourcecode.swift; path = NoIssueView.swift; sourceTree = "<group>"; };
		4DE033202AD0CB1200F0B354 /* Bundle+Ext.swift */ = {isa = PBXFileReference; lastKnownFileType = sourcecode.swift; path = "Bundle+Ext.swift"; sourceTree = "<group>"; };
		4DE033242AD0D04100F0B354 /* Colors.xcassets */ = {isa = PBXFileReference; lastKnownFileType = folder.assetcatalog; path = Colors.xcassets; sourceTree = "<group>"; };
		4DE033282AD0D0E300F0B354 /* Award.swift */ = {isa = PBXFileReference; lastKnownFileType = sourcecode.swift; path = Award.swift; sourceTree = "<group>"; };
		4DF816132ACFA846009A52CC /* IssueRow.swift */ = {isa = PBXFileReference; lastKnownFileType = sourcecode.swift; path = IssueRow.swift; sourceTree = "<group>"; };
		4DFDB10E2AD3B1D00048574A /* SidebarViewModel.swift */ = {isa = PBXFileReference; lastKnownFileType = sourcecode.swift; path = SidebarViewModel.swift; sourceTree = "<group>"; };
/* End PBXFileReference section */

/* Begin PBXFrameworksBuildPhase section */
		4D1E47282ACF5B9000A74E79 /* Frameworks */ = {
			isa = PBXFrameworksBuildPhase;
			buildActionMask = 2147483647;
			files = (
			);
			runOnlyForDeploymentPostprocessing = 0;
		};
		4DD0A7252AD24DBD00F72473 /* Frameworks */ = {
			isa = PBXFrameworksBuildPhase;
			buildActionMask = 2147483647;
			files = (
			);
			runOnlyForDeploymentPostprocessing = 0;
		};
		4DD0A7442AD2751100F72473 /* Frameworks */ = {
			isa = PBXFrameworksBuildPhase;
			buildActionMask = 2147483647;
			files = (
			);
			runOnlyForDeploymentPostprocessing = 0;
		};
/* End PBXFrameworksBuildPhase section */

/* Begin PBXGroup section */
		4D1E47222ACF5B9000A74E79 = {
			isa = PBXGroup;
			children = (
				4DD0A71B2AD238F100F72473 /* README.md */,
				4D1E472D2ACF5B9000A74E79 /* IssueTracker */,
				4DD0A7292AD24DBD00F72473 /* IssueTrackerTests */,
				4DD0A7482AD2751100F72473 /* IssueTrackerUITests */,
				4D1E472C2ACF5B9000A74E79 /* Products */,
			);
			sourceTree = "<group>";
		};
		4D1E472C2ACF5B9000A74E79 /* Products */ = {
			isa = PBXGroup;
			children = (
				4D1E472B2ACF5B9000A74E79 /* IssueTracker.app */,
				4DD0A7282AD24DBD00F72473 /* IssueTrackerTests.xctest */,
				4DD0A7472AD2751100F72473 /* IssueTrackerUITests.xctest */,
			);
			name = Products;
			sourceTree = "<group>";
		};
		4D1E472D2ACF5B9000A74E79 /* IssueTracker */ = {
			isa = PBXGroup;
			children = (
				4DD0A71D2AD23B8A00F72473 /* Filters */,
				4DD0A7212AD24B6200F72473 /* Issues */,
				4DD0A7222AD24B6B00F72473 /* Editing */,
				4DD0A7232AD24B7800F72473 /* Awards */,
				4D1E47442ACF74B800A74E79 /* DataManager.swift */,
				4DE0331F2AD0CAB900F0B354 /* Extensions */,
				4DD0A71E2AD23BBC00F72473 /* Localization */,
				4DD0A71F2AD2486200F72473 /* Configuration */,
				4D1E472E2ACF5B9000A74E79 /* IssueTrackerApp.swift */,
				4D1E47322ACF5B9200A74E79 /* Assets.xcassets */,
				4DE033242AD0D04100F0B354 /* Colors.xcassets */,
				4D1E47352ACF5B9200A74E79 /* Preview Content */,
			);
			path = IssueTracker;
			sourceTree = "<group>";
		};
		4D1E47352ACF5B9200A74E79 /* Preview Content */ = {
			isa = PBXGroup;
			children = (
				4D1E47362ACF5B9200A74E79 /* Preview Assets.xcassets */,
			);
			path = "Preview Content";
			sourceTree = "<group>";
		};
		4DD0A71D2AD23B8A00F72473 /* Filters */ = {
			isa = PBXGroup;
			children = (
				4D1E474E2ACF811100A74E79 /* Filter.swift */,
				4D1E474A2ACF7E9F00A74E79 /* SidebarView.swift */,
				4DFDB10E2AD3B1D00048574A /* SidebarViewModel.swift */,
				4DD0A7082AD219C400F72473 /* SidebarViewToolbar.swift */,
				4DD0A7182AD21FD800F72473 /* UserFilterRow.swift */,
				4DD0A7162AD21F6100F72473 /* SmartFilterRow.swift */,
			);
			path = Filters;
			sourceTree = "<group>";
		};
		4DD0A71E2AD23BBC00F72473 /* Localization */ = {
			isa = PBXGroup;
			children = (
				4DD0A6FE2AD2044800F72473 /* Localizable.strings */,
				4DD0A7022AD204EE00F72473 /* Localizable.stringsdict */,
			);
			path = Localization;
			sourceTree = "<group>";
		};
		4DD0A71F2AD2486200F72473 /* Configuration */ = {
			isa = PBXGroup;
			children = (
				4D1E47492ACF7BF300A74E79 /* Info.plist */,
				4D1E47342ACF5B9200A74E79 /* IssueTracker.entitlements */,
				4D1E47482ACF7BDC00A74E79 /* IssueTrackerRelease.entitlements */,
				4D1E473D2ACF5C0500A74E79 /* Main.xcdatamodeld */,
			);
			path = Configuration;
			sourceTree = "<group>";
		};
		4DD0A7212AD24B6200F72473 /* Issues */ = {
			isa = PBXGroup;
			children = (
				4D1E47302ACF5B9000A74E79 /* ContentView.swift */,
				4DD0A70C2AD21C6400F72473 /* ContentViewToolbar.swift */,
				4DF816132ACFA846009A52CC /* IssueRow.swift */,
			);
			path = Issues;
			sourceTree = "<group>";
		};
		4DD0A7222AD24B6B00F72473 /* Editing */ = {
			isa = PBXGroup;
			children = (
				4D1E474C2ACF7EA600A74E79 /* DetailView.swift */,
				4DE0331B2ACFC69C00F0B354 /* IssueView.swift */,
				4DD0A70A2AD21B3000F72473 /* IssueViewToolbar.swift */,
				4DD0A7142AD21E5A00F72473 /* TagsMenuView.swift */,
				4DE0331D2ACFC6A200F0B354 /* NoIssueView.swift */,
			);
			path = Editing;
			sourceTree = "<group>";
		};
		4DD0A7232AD24B7800F72473 /* Awards */ = {
			isa = PBXGroup;
			children = (
				4DD0A7062AD2056B00F72473 /* Awards.json */,
				4DE033282AD0D0E300F0B354 /* Award.swift */,
				4DD0A6F62AD1E6F800F72473 /* AwardsView.swift */,
			);
			path = Awards;
			sourceTree = "<group>";
		};
		4DD0A7292AD24DBD00F72473 /* IssueTrackerTests */ = {
			isa = PBXGroup;
			children = (
				4DD0A73C2AD26DC700F72473 /* Fixtures */,
				4DD0A7322AD2505100F72473 /* AssetTests.swift */,
				4DD0A7362AD259A500F72473 /* AwardsTest.swift */,
				4DD0A7412AD2715000F72473 /* PerformaceTests.swift */,
				4DD0A7382AD2695A00F72473 /* DevelopmentTests.swift */,
				4DD0A73A2AD26B3900F72473 /* ExtensionTests.swift */,
				4DD0A72A2AD24DBD00F72473 /* IssueTrackerTests.swift */,
				4DD0A7342AD2526800F72473 /* TagTests.swift */,
				4DD0A7312AD24ED800F72473 /* IssueTracker.xctestplan */,
			);
			path = IssueTrackerTests;
			sourceTree = "<group>";
		};
		4DD0A73C2AD26DC700F72473 /* Fixtures */ = {
			isa = PBXGroup;
			children = (
				4DD0A73D2AD26DDA00F72473 /* DecodableDictionary.json */,
				4DD0A73F2AD26E0A00F72473 /* DecodableString.json */,
			);
			path = Fixtures;
			sourceTree = "<group>";
		};
		4DD0A7482AD2751100F72473 /* IssueTrackerUITests */ = {
			isa = PBXGroup;
			children = (
				4DD0A7492AD2751100F72473 /* IssueTrackerUITests.swift */,
				4DD0A74B2AD2751100F72473 /* IssueTrackerUITestsLaunchTests.swift */,
			);
			path = IssueTrackerUITests;
			sourceTree = "<group>";
		};
		4DE0331F2AD0CAB900F0B354 /* Extensions */ = {
			isa = PBXGroup;
			children = (
				4D1E47412ACF5DDC00A74E79 /* Issue+Ext.swift */,
				4D1E47462ACF74C700A74E79 /* Tag+Ext.swift */,
				4DE033202AD0CB1200F0B354 /* Bundle+Ext.swift */,
			);
			path = Extensions;
			sourceTree = "<group>";
		};
/* End PBXGroup section */

/* Begin PBXNativeTarget section */
		4D1E472A2ACF5B9000A74E79 /* IssueTracker */ = {
			isa = PBXNativeTarget;
			buildConfigurationList = 4D1E473A2ACF5B9200A74E79 /* Build configuration list for PBXNativeTarget "IssueTracker" */;
			buildPhases = (
				4D1E47272ACF5B9000A74E79 /* Sources */,
				4D1E47282ACF5B9000A74E79 /* Frameworks */,
				4D1E47292ACF5B9000A74E79 /* Resources */,
			);
			buildRules = (
			);
			dependencies = (
			);
			name = IssueTracker;
			productName = IssueTracker;
			productReference = 4D1E472B2ACF5B9000A74E79 /* IssueTracker.app */;
			productType = "com.apple.product-type.application";
		};
		4DD0A7272AD24DBD00F72473 /* IssueTrackerTests */ = {
			isa = PBXNativeTarget;
			buildConfigurationList = 4DD0A72E2AD24DBD00F72473 /* Build configuration list for PBXNativeTarget "IssueTrackerTests" */;
			buildPhases = (
				4DD0A7242AD24DBD00F72473 /* Sources */,
				4DD0A7252AD24DBD00F72473 /* Frameworks */,
				4DD0A7262AD24DBD00F72473 /* Resources */,
			);
			buildRules = (
			);
			dependencies = (
				4DD0A72D2AD24DBD00F72473 /* PBXTargetDependency */,
			);
			name = IssueTrackerTests;
			productName = IssueTrackerTests;
			productReference = 4DD0A7282AD24DBD00F72473 /* IssueTrackerTests.xctest */;
			productType = "com.apple.product-type.bundle.unit-test";
		};
		4DD0A7462AD2751100F72473 /* IssueTrackerUITests */ = {
			isa = PBXNativeTarget;
			buildConfigurationList = 4DD0A74F2AD2751100F72473 /* Build configuration list for PBXNativeTarget "IssueTrackerUITests" */;
			buildPhases = (
				4DD0A7432AD2751100F72473 /* Sources */,
				4DD0A7442AD2751100F72473 /* Frameworks */,
				4DD0A7452AD2751100F72473 /* Resources */,
			);
			buildRules = (
			);
			dependencies = (
				4DD0A74E2AD2751100F72473 /* PBXTargetDependency */,
			);
			name = IssueTrackerUITests;
			productName = IssueTrackerUITests;
			productReference = 4DD0A7472AD2751100F72473 /* IssueTrackerUITests.xctest */;
			productType = "com.apple.product-type.bundle.ui-testing";
		};
/* End PBXNativeTarget section */

/* Begin PBXProject section */
		4D1E47232ACF5B9000A74E79 /* Project object */ = {
			isa = PBXProject;
			attributes = {
				BuildIndependentTargetsInParallel = 1;
				LastSwiftUpdateCheck = 1500;
				LastUpgradeCheck = 1500;
				TargetAttributes = {
					4D1E472A2ACF5B9000A74E79 = {
						CreatedOnToolsVersion = 15.0;
					};
					4DD0A7272AD24DBD00F72473 = {
						CreatedOnToolsVersion = 15.0;
						TestTargetID = 4D1E472A2ACF5B9000A74E79;
					};
					4DD0A7462AD2751100F72473 = {
						CreatedOnToolsVersion = 15.0;
						TestTargetID = 4D1E472A2ACF5B9000A74E79;
					};
				};
			};
			buildConfigurationList = 4D1E47262ACF5B9000A74E79 /* Build configuration list for PBXProject "IssueTracker" */;
			compatibilityVersion = "Xcode 14.0";
			developmentRegion = en;
			hasScannedForEncodings = 0;
			knownRegions = (
				en,
				Base,
				hu,
			);
			mainGroup = 4D1E47222ACF5B9000A74E79;
			productRefGroup = 4D1E472C2ACF5B9000A74E79 /* Products */;
			projectDirPath = "";
			projectRoot = "";
			targets = (
				4D1E472A2ACF5B9000A74E79 /* IssueTracker */,
				4DD0A7272AD24DBD00F72473 /* IssueTrackerTests */,
				4DD0A7462AD2751100F72473 /* IssueTrackerUITests */,
			);
		};
/* End PBXProject section */

/* Begin PBXResourcesBuildPhase section */
		4D1E47292ACF5B9000A74E79 /* Resources */ = {
			isa = PBXResourcesBuildPhase;
			buildActionMask = 2147483647;
			files = (
				4DD0A6FC2AD2044800F72473 /* Localizable.strings in Resources */,
				4D1E47372ACF5B9200A74E79 /* Preview Assets.xcassets in Resources */,
				4DE033262AD0D04100F0B354 /* Colors.xcassets in Resources */,
				4DD0A71C2AD238F100F72473 /* README.md in Resources */,
				4DD0A7042AD2056B00F72473 /* Awards.json in Resources */,
				4D1E47332ACF5B9200A74E79 /* Assets.xcassets in Resources */,
				4DD0A7002AD204EE00F72473 /* Localizable.stringsdict in Resources */,
			);
			runOnlyForDeploymentPostprocessing = 0;
		};
		4DD0A7262AD24DBD00F72473 /* Resources */ = {
			isa = PBXResourcesBuildPhase;
			buildActionMask = 2147483647;
			files = (
				4DD0A7402AD26E0A00F72473 /* DecodableString.json in Resources */,
				4DD0A73E2AD26DDA00F72473 /* DecodableDictionary.json in Resources */,
			);
			runOnlyForDeploymentPostprocessing = 0;
		};
		4DD0A7452AD2751100F72473 /* Resources */ = {
			isa = PBXResourcesBuildPhase;
			buildActionMask = 2147483647;
			files = (
			);
			runOnlyForDeploymentPostprocessing = 0;
		};
/* End PBXResourcesBuildPhase section */

/* Begin PBXSourcesBuildPhase section */
		4D1E47272ACF5B9000A74E79 /* Sources */ = {
			isa = PBXSourcesBuildPhase;
			buildActionMask = 2147483647;
			files = (
				4D1E47472ACF74C700A74E79 /* Tag+Ext.swift in Sources */,
				4DD0A7152AD21E5A00F72473 /* TagsMenuView.swift in Sources */,
				4DE033292AD0D0E300F0B354 /* Award.swift in Sources */,
				4DD0A70B2AD21B3000F72473 /* IssueViewToolbar.swift in Sources */,
				4DD0A7172AD21F6100F72473 /* SmartFilterRow.swift in Sources */,
				4DD0A6F72AD1E6F900F72473 /* AwardsView.swift in Sources */,
				4D1E474D2ACF7EA600A74E79 /* DetailView.swift in Sources */,
				4D1E473F2ACF5C0500A74E79 /* Main.xcdatamodeld in Sources */,
				4D1E474B2ACF7E9F00A74E79 /* SidebarView.swift in Sources */,
				4DE033212AD0CB1200F0B354 /* Bundle+Ext.swift in Sources */,
				4D1E47452ACF74B800A74E79 /* DataManager.swift in Sources */,
				4DFDB10F2AD3B1D00048574A /* SidebarViewModel.swift in Sources */,
				4D1E47312ACF5B9000A74E79 /* ContentView.swift in Sources */,
				4DD0A70D2AD21C6400F72473 /* ContentViewToolbar.swift in Sources */,
				4D1E472F2ACF5B9000A74E79 /* IssueTrackerApp.swift in Sources */,
				4D1E474F2ACF811100A74E79 /* Filter.swift in Sources */,
				4DD0A7092AD219C400F72473 /* SidebarViewToolbar.swift in Sources */,
				4DE0331C2ACFC69C00F0B354 /* IssueView.swift in Sources */,
				4DD0A7192AD21FD800F72473 /* UserFilterRow.swift in Sources */,
				4DE0331E2ACFC6A200F0B354 /* NoIssueView.swift in Sources */,
				4DF816142ACFA846009A52CC /* IssueRow.swift in Sources */,
				4D1E47422ACF5DDC00A74E79 /* Issue+Ext.swift in Sources */,
			);
			runOnlyForDeploymentPostprocessing = 0;
		};
		4DD0A7242AD24DBD00F72473 /* Sources */ = {
			isa = PBXSourcesBuildPhase;
			buildActionMask = 2147483647;
			files = (
				4DD0A7332AD2505100F72473 /* AssetTests.swift in Sources */,
				4DD0A7372AD259A500F72473 /* AwardsTest.swift in Sources */,
				4DD0A7352AD2526800F72473 /* TagTests.swift in Sources */,
				4DD0A7422AD2715000F72473 /* PerformaceTests.swift in Sources */,
				4DD0A73B2AD26B3900F72473 /* ExtensionTests.swift in Sources */,
				4DD0A72B2AD24DBD00F72473 /* IssueTrackerTests.swift in Sources */,
				4DD0A7392AD2695A00F72473 /* DevelopmentTests.swift in Sources */,
			);
			runOnlyForDeploymentPostprocessing = 0;
		};
		4DD0A7432AD2751100F72473 /* Sources */ = {
			isa = PBXSourcesBuildPhase;
			buildActionMask = 2147483647;
			files = (
				4DD0A74A2AD2751100F72473 /* IssueTrackerUITests.swift in Sources */,
				4DD0A74C2AD2751100F72473 /* IssueTrackerUITestsLaunchTests.swift in Sources */,
			);
			runOnlyForDeploymentPostprocessing = 0;
		};
/* End PBXSourcesBuildPhase section */

/* Begin PBXTargetDependency section */
		4DD0A72D2AD24DBD00F72473 /* PBXTargetDependency */ = {
			isa = PBXTargetDependency;
			target = 4D1E472A2ACF5B9000A74E79 /* IssueTracker */;
			targetProxy = 4DD0A72C2AD24DBD00F72473 /* PBXContainerItemProxy */;
		};
		4DD0A74E2AD2751100F72473 /* PBXTargetDependency */ = {
			isa = PBXTargetDependency;
			target = 4D1E472A2ACF5B9000A74E79 /* IssueTracker */;
			targetProxy = 4DD0A74D2AD2751100F72473 /* PBXContainerItemProxy */;
		};
/* End PBXTargetDependency section */

/* Begin PBXVariantGroup section */
		4DD0A6FE2AD2044800F72473 /* Localizable.strings */ = {
			isa = PBXVariantGroup;
			children = (
				4DD0A6FD2AD2044800F72473 /* en */,
				4DD0A6FF2AD2046700F72473 /* hu */,
			);
			name = Localizable.strings;
			sourceTree = "<group>";
		};
		4DD0A7022AD204EE00F72473 /* Localizable.stringsdict */ = {
			isa = PBXVariantGroup;
			children = (
				4DD0A7012AD204EE00F72473 /* en */,
				4DD0A7032AD204F100F72473 /* hu */,
			);
			name = Localizable.stringsdict;
			sourceTree = "<group>";
		};
		4DD0A7062AD2056B00F72473 /* Awards.json */ = {
			isa = PBXVariantGroup;
			children = (
				4DD0A7052AD2056B00F72473 /* en */,
				4DD0A7072AD2056E00F72473 /* hu */,
			);
			name = Awards.json;
			sourceTree = "<group>";
		};
/* End PBXVariantGroup section */

/* Begin XCBuildConfiguration section */
		4D1E47382ACF5B9200A74E79 /* Debug */ = {
			isa = XCBuildConfiguration;
			buildSettings = {
				ALWAYS_SEARCH_USER_PATHS = NO;
				ASSETCATALOG_COMPILER_GENERATE_SWIFT_ASSET_SYMBOL_EXTENSIONS = YES;
				CLANG_ANALYZER_NONNULL = YES;
				CLANG_ANALYZER_NUMBER_OBJECT_CONVERSION = YES_AGGRESSIVE;
				CLANG_CXX_LANGUAGE_STANDARD = "gnu++20";
				CLANG_ENABLE_MODULES = YES;
				CLANG_ENABLE_OBJC_ARC = YES;
				CLANG_ENABLE_OBJC_WEAK = YES;
				CLANG_WARN_BLOCK_CAPTURE_AUTORELEASING = YES;
				CLANG_WARN_BOOL_CONVERSION = YES;
				CLANG_WARN_COMMA = YES;
				CLANG_WARN_CONSTANT_CONVERSION = YES;
				CLANG_WARN_DEPRECATED_OBJC_IMPLEMENTATIONS = YES;
				CLANG_WARN_DIRECT_OBJC_ISA_USAGE = YES_ERROR;
				CLANG_WARN_DOCUMENTATION_COMMENTS = YES;
				CLANG_WARN_EMPTY_BODY = YES;
				CLANG_WARN_ENUM_CONVERSION = YES;
				CLANG_WARN_INFINITE_RECURSION = YES;
				CLANG_WARN_INT_CONVERSION = YES;
				CLANG_WARN_NON_LITERAL_NULL_CONVERSION = YES;
				CLANG_WARN_OBJC_IMPLICIT_RETAIN_SELF = YES;
				CLANG_WARN_OBJC_LITERAL_CONVERSION = YES;
				CLANG_WARN_OBJC_ROOT_CLASS = YES_ERROR;
				CLANG_WARN_QUOTED_INCLUDE_IN_FRAMEWORK_HEADER = YES;
				CLANG_WARN_RANGE_LOOP_ANALYSIS = YES;
				CLANG_WARN_STRICT_PROTOTYPES = YES;
				CLANG_WARN_SUSPICIOUS_MOVE = YES;
				CLANG_WARN_UNGUARDED_AVAILABILITY = YES_AGGRESSIVE;
				CLANG_WARN_UNREACHABLE_CODE = YES;
				CLANG_WARN__DUPLICATE_METHOD_MATCH = YES;
				COPY_PHASE_STRIP = NO;
				DEBUG_INFORMATION_FORMAT = dwarf;
				ENABLE_STRICT_OBJC_MSGSEND = YES;
				ENABLE_TESTABILITY = YES;
				ENABLE_USER_SCRIPT_SANDBOXING = YES;
				GCC_C_LANGUAGE_STANDARD = gnu17;
				GCC_DYNAMIC_NO_PIC = NO;
				GCC_NO_COMMON_BLOCKS = YES;
				GCC_OPTIMIZATION_LEVEL = 0;
				GCC_PREPROCESSOR_DEFINITIONS = (
					"DEBUG=1",
					"$(inherited)",
				);
				GCC_WARN_64_TO_32_BIT_CONVERSION = YES;
				GCC_WARN_ABOUT_RETURN_TYPE = YES_ERROR;
				GCC_WARN_UNDECLARED_SELECTOR = YES;
				GCC_WARN_UNINITIALIZED_AUTOS = YES_AGGRESSIVE;
				GCC_WARN_UNUSED_FUNCTION = YES;
				GCC_WARN_UNUSED_VARIABLE = YES;
				IPHONEOS_DEPLOYMENT_TARGET = 17.0;
				LOCALIZATION_PREFERS_STRING_CATALOGS = YES;
				MACOSX_DEPLOYMENT_TARGET = 14.0;
				MTL_ENABLE_DEBUG_INFO = INCLUDE_SOURCE;
				MTL_FAST_MATH = YES;
				ONLY_ACTIVE_ARCH = YES;
				SWIFT_ACTIVE_COMPILATION_CONDITIONS = "DEBUG $(inherited)";
				SWIFT_OPTIMIZATION_LEVEL = "-Onone";
			};
			name = Debug;
		};
		4D1E47392ACF5B9200A74E79 /* Release */ = {
			isa = XCBuildConfiguration;
			buildSettings = {
				ALWAYS_SEARCH_USER_PATHS = NO;
				ASSETCATALOG_COMPILER_GENERATE_SWIFT_ASSET_SYMBOL_EXTENSIONS = YES;
				CLANG_ANALYZER_NONNULL = YES;
				CLANG_ANALYZER_NUMBER_OBJECT_CONVERSION = YES_AGGRESSIVE;
				CLANG_CXX_LANGUAGE_STANDARD = "gnu++20";
				CLANG_ENABLE_MODULES = YES;
				CLANG_ENABLE_OBJC_ARC = YES;
				CLANG_ENABLE_OBJC_WEAK = YES;
				CLANG_WARN_BLOCK_CAPTURE_AUTORELEASING = YES;
				CLANG_WARN_BOOL_CONVERSION = YES;
				CLANG_WARN_COMMA = YES;
				CLANG_WARN_CONSTANT_CONVERSION = YES;
				CLANG_WARN_DEPRECATED_OBJC_IMPLEMENTATIONS = YES;
				CLANG_WARN_DIRECT_OBJC_ISA_USAGE = YES_ERROR;
				CLANG_WARN_DOCUMENTATION_COMMENTS = YES;
				CLANG_WARN_EMPTY_BODY = YES;
				CLANG_WARN_ENUM_CONVERSION = YES;
				CLANG_WARN_INFINITE_RECURSION = YES;
				CLANG_WARN_INT_CONVERSION = YES;
				CLANG_WARN_NON_LITERAL_NULL_CONVERSION = YES;
				CLANG_WARN_OBJC_IMPLICIT_RETAIN_SELF = YES;
				CLANG_WARN_OBJC_LITERAL_CONVERSION = YES;
				CLANG_WARN_OBJC_ROOT_CLASS = YES_ERROR;
				CLANG_WARN_QUOTED_INCLUDE_IN_FRAMEWORK_HEADER = YES;
				CLANG_WARN_RANGE_LOOP_ANALYSIS = YES;
				CLANG_WARN_STRICT_PROTOTYPES = YES;
				CLANG_WARN_SUSPICIOUS_MOVE = YES;
				CLANG_WARN_UNGUARDED_AVAILABILITY = YES_AGGRESSIVE;
				CLANG_WARN_UNREACHABLE_CODE = YES;
				CLANG_WARN__DUPLICATE_METHOD_MATCH = YES;
				COPY_PHASE_STRIP = NO;
				DEBUG_INFORMATION_FORMAT = "dwarf-with-dsym";
				ENABLE_NS_ASSERTIONS = NO;
				ENABLE_STRICT_OBJC_MSGSEND = YES;
				ENABLE_USER_SCRIPT_SANDBOXING = YES;
				GCC_C_LANGUAGE_STANDARD = gnu17;
				GCC_NO_COMMON_BLOCKS = YES;
				GCC_WARN_64_TO_32_BIT_CONVERSION = YES;
				GCC_WARN_ABOUT_RETURN_TYPE = YES_ERROR;
				GCC_WARN_UNDECLARED_SELECTOR = YES;
				GCC_WARN_UNINITIALIZED_AUTOS = YES_AGGRESSIVE;
				GCC_WARN_UNUSED_FUNCTION = YES;
				GCC_WARN_UNUSED_VARIABLE = YES;
				IPHONEOS_DEPLOYMENT_TARGET = 17.0;
				LOCALIZATION_PREFERS_STRING_CATALOGS = YES;
				MACOSX_DEPLOYMENT_TARGET = 14.0;
				MTL_ENABLE_DEBUG_INFO = NO;
				MTL_FAST_MATH = YES;
				SWIFT_COMPILATION_MODE = wholemodule;
			};
			name = Release;
		};
		4D1E473B2ACF5B9200A74E79 /* Debug */ = {
			isa = XCBuildConfiguration;
			buildSettings = {
				ASSETCATALOG_COMPILER_APPICON_NAME = AppIcon;
				ASSETCATALOG_COMPILER_GLOBAL_ACCENT_COLOR_NAME = AccentColor;
				CODE_SIGN_ENTITLEMENTS = IssueTracker/Configuration/IssueTracker.entitlements;
				CODE_SIGN_STYLE = Automatic;
				CURRENT_PROJECT_VERSION = 1;
				DEVELOPMENT_ASSET_PATHS = "\"IssueTracker/Preview Content\"";
				DEVELOPMENT_TEAM = 4FH6DPMUTJ;
				ENABLE_HARDENED_RUNTIME = YES;
				ENABLE_PREVIEWS = YES;
				GENERATE_INFOPLIST_FILE = YES;
				INFOPLIST_FILE = IssueTracker/Configuration/Info.plist;
				"INFOPLIST_KEY_UIApplicationSceneManifest_Generation[sdk=iphoneos*]" = YES;
				"INFOPLIST_KEY_UIApplicationSceneManifest_Generation[sdk=iphonesimulator*]" = YES;
				"INFOPLIST_KEY_UIApplicationSupportsIndirectInputEvents[sdk=iphoneos*]" = YES;
				"INFOPLIST_KEY_UIApplicationSupportsIndirectInputEvents[sdk=iphonesimulator*]" = YES;
				"INFOPLIST_KEY_UILaunchScreen_Generation[sdk=iphoneos*]" = YES;
				"INFOPLIST_KEY_UILaunchScreen_Generation[sdk=iphonesimulator*]" = YES;
				"INFOPLIST_KEY_UIStatusBarStyle[sdk=iphoneos*]" = UIStatusBarStyleDefault;
				"INFOPLIST_KEY_UIStatusBarStyle[sdk=iphonesimulator*]" = UIStatusBarStyleDefault;
				INFOPLIST_KEY_UISupportedInterfaceOrientations_iPad = "UIInterfaceOrientationPortrait UIInterfaceOrientationPortraitUpsideDown UIInterfaceOrientationLandscapeLeft UIInterfaceOrientationLandscapeRight";
				INFOPLIST_KEY_UISupportedInterfaceOrientations_iPhone = "UIInterfaceOrientationPortrait UIInterfaceOrientationLandscapeLeft UIInterfaceOrientationLandscapeRight";
				IPHONEOS_DEPLOYMENT_TARGET = 17.0;
				LD_RUNPATH_SEARCH_PATHS = "@executable_path/Frameworks";
				"LD_RUNPATH_SEARCH_PATHS[sdk=macosx*]" = "@executable_path/../Frameworks";
				MACOSX_DEPLOYMENT_TARGET = 14.0;
				MARKETING_VERSION = 1.0;
				PRODUCT_BUNDLE_IDENTIFIER = com.chontorres.IssueTracker;
				PRODUCT_NAME = "$(TARGET_NAME)";
				SDKROOT = auto;
				SUPPORTED_PLATFORMS = "iphoneos iphonesimulator macosx";
				SWIFT_EMIT_LOC_STRINGS = YES;
				SWIFT_VERSION = 5.0;
				TARGETED_DEVICE_FAMILY = "1,2";
			};
			name = Debug;
		};
		4D1E473C2ACF5B9200A74E79 /* Release */ = {
			isa = XCBuildConfiguration;
			buildSettings = {
				ASSETCATALOG_COMPILER_APPICON_NAME = AppIcon;
				ASSETCATALOG_COMPILER_GLOBAL_ACCENT_COLOR_NAME = AccentColor;
				CODE_SIGN_ENTITLEMENTS = IssueTracker/Configuration/IssueTrackerRelease.entitlements;
				CODE_SIGN_STYLE = Automatic;
				CURRENT_PROJECT_VERSION = 1;
				DEVELOPMENT_ASSET_PATHS = "\"IssueTracker/Preview Content\"";
				DEVELOPMENT_TEAM = 4FH6DPMUTJ;
				ENABLE_HARDENED_RUNTIME = YES;
				ENABLE_PREVIEWS = YES;
				GENERATE_INFOPLIST_FILE = YES;
				INFOPLIST_FILE = IssueTracker/Configuration/Info.plist;
				"INFOPLIST_KEY_UIApplicationSceneManifest_Generation[sdk=iphoneos*]" = YES;
				"INFOPLIST_KEY_UIApplicationSceneManifest_Generation[sdk=iphonesimulator*]" = YES;
				"INFOPLIST_KEY_UIApplicationSupportsIndirectInputEvents[sdk=iphoneos*]" = YES;
				"INFOPLIST_KEY_UIApplicationSupportsIndirectInputEvents[sdk=iphonesimulator*]" = YES;
				"INFOPLIST_KEY_UILaunchScreen_Generation[sdk=iphoneos*]" = YES;
				"INFOPLIST_KEY_UILaunchScreen_Generation[sdk=iphonesimulator*]" = YES;
				"INFOPLIST_KEY_UIStatusBarStyle[sdk=iphoneos*]" = UIStatusBarStyleDefault;
				"INFOPLIST_KEY_UIStatusBarStyle[sdk=iphonesimulator*]" = UIStatusBarStyleDefault;
				INFOPLIST_KEY_UISupportedInterfaceOrientations_iPad = "UIInterfaceOrientationPortrait UIInterfaceOrientationPortraitUpsideDown UIInterfaceOrientationLandscapeLeft UIInterfaceOrientationLandscapeRight";
				INFOPLIST_KEY_UISupportedInterfaceOrientations_iPhone = "UIInterfaceOrientationPortrait UIInterfaceOrientationLandscapeLeft UIInterfaceOrientationLandscapeRight";
				IPHONEOS_DEPLOYMENT_TARGET = 17.0;
				LD_RUNPATH_SEARCH_PATHS = "@executable_path/Frameworks";
				"LD_RUNPATH_SEARCH_PATHS[sdk=macosx*]" = "@executable_path/../Frameworks";
				MACOSX_DEPLOYMENT_TARGET = 14.0;
				MARKETING_VERSION = 1.0;
				PRODUCT_BUNDLE_IDENTIFIER = com.chontorres.IssueTracker;
				PRODUCT_NAME = "$(TARGET_NAME)";
				SDKROOT = auto;
				SUPPORTED_PLATFORMS = "iphoneos iphonesimulator macosx";
				SWIFT_EMIT_LOC_STRINGS = YES;
				SWIFT_VERSION = 5.0;
				TARGETED_DEVICE_FAMILY = "1,2";
			};
			name = Release;
		};
		4DD0A72F2AD24DBD00F72473 /* Debug */ = {
			isa = XCBuildConfiguration;
			buildSettings = {
				BUNDLE_LOADER = "$(TEST_HOST)";
				CODE_SIGN_STYLE = Automatic;
				CURRENT_PROJECT_VERSION = 1;
				DEVELOPMENT_TEAM = 4FH6DPMUTJ;
				GENERATE_INFOPLIST_FILE = YES;
				MARKETING_VERSION = 1.0;
				PRODUCT_BUNDLE_IDENTIFIER = com.chontorres.IssueTrackerTests;
				PRODUCT_NAME = "$(TARGET_NAME)";
				SDKROOT = iphoneos;
				SWIFT_EMIT_LOC_STRINGS = NO;
				SWIFT_VERSION = 5.0;
				TARGETED_DEVICE_FAMILY = "1,2";
				TEST_HOST = "$(BUILT_PRODUCTS_DIR)/IssueTracker.app/$(BUNDLE_EXECUTABLE_FOLDER_PATH)/IssueTracker";
			};
			name = Debug;
		};
		4DD0A7302AD24DBD00F72473 /* Release */ = {
			isa = XCBuildConfiguration;
			buildSettings = {
				BUNDLE_LOADER = "$(TEST_HOST)";
				CODE_SIGN_STYLE = Automatic;
				CURRENT_PROJECT_VERSION = 1;
				DEVELOPMENT_TEAM = 4FH6DPMUTJ;
				GENERATE_INFOPLIST_FILE = YES;
				MARKETING_VERSION = 1.0;
				PRODUCT_BUNDLE_IDENTIFIER = com.chontorres.IssueTrackerTests;
				PRODUCT_NAME = "$(TARGET_NAME)";
				SDKROOT = iphoneos;
				SWIFT_EMIT_LOC_STRINGS = NO;
				SWIFT_VERSION = 5.0;
				TARGETED_DEVICE_FAMILY = "1,2";
				TEST_HOST = "$(BUILT_PRODUCTS_DIR)/IssueTracker.app/$(BUNDLE_EXECUTABLE_FOLDER_PATH)/IssueTracker";
				VALIDATE_PRODUCT = YES;
			};
			name = Release;
		};
		4DD0A7502AD2751100F72473 /* Debug */ = {
			isa = XCBuildConfiguration;
			buildSettings = {
				CODE_SIGN_STYLE = Automatic;
				CURRENT_PROJECT_VERSION = 1;
				DEVELOPMENT_TEAM = 4FH6DPMUTJ;
				GENERATE_INFOPLIST_FILE = YES;
				MARKETING_VERSION = 1.0;
				PRODUCT_BUNDLE_IDENTIFIER = com.chontorres.IssueTrackerUITests;
				PRODUCT_NAME = "$(TARGET_NAME)";
				SDKROOT = iphoneos;
				SWIFT_EMIT_LOC_STRINGS = NO;
				SWIFT_VERSION = 5.0;
				TARGETED_DEVICE_FAMILY = "1,2";
				TEST_TARGET_NAME = IssueTracker;
			};
			name = Debug;
		};
		4DD0A7512AD2751100F72473 /* Release */ = {
			isa = XCBuildConfiguration;
			buildSettings = {
				CODE_SIGN_STYLE = Automatic;
				CURRENT_PROJECT_VERSION = 1;
				DEVELOPMENT_TEAM = 4FH6DPMUTJ;
				GENERATE_INFOPLIST_FILE = YES;
				MARKETING_VERSION = 1.0;
				PRODUCT_BUNDLE_IDENTIFIER = com.chontorres.IssueTrackerUITests;
				PRODUCT_NAME = "$(TARGET_NAME)";
				SDKROOT = iphoneos;
				SWIFT_EMIT_LOC_STRINGS = NO;
				SWIFT_VERSION = 5.0;
				TARGETED_DEVICE_FAMILY = "1,2";
				TEST_TARGET_NAME = IssueTracker;
				VALIDATE_PRODUCT = YES;
			};
			name = Release;
		};
/* End XCBuildConfiguration section */

/* Begin XCConfigurationList section */
		4D1E47262ACF5B9000A74E79 /* Build configuration list for PBXProject "IssueTracker" */ = {
			isa = XCConfigurationList;
			buildConfigurations = (
				4D1E47382ACF5B9200A74E79 /* Debug */,
				4D1E47392ACF5B9200A74E79 /* Release */,
			);
			defaultConfigurationIsVisible = 0;
			defaultConfigurationName = Release;
		};
		4D1E473A2ACF5B9200A74E79 /* Build configuration list for PBXNativeTarget "IssueTracker" */ = {
			isa = XCConfigurationList;
			buildConfigurations = (
				4D1E473B2ACF5B9200A74E79 /* Debug */,
				4D1E473C2ACF5B9200A74E79 /* Release */,
			);
			defaultConfigurationIsVisible = 0;
			defaultConfigurationName = Release;
		};
		4DD0A72E2AD24DBD00F72473 /* Build configuration list for PBXNativeTarget "IssueTrackerTests" */ = {
			isa = XCConfigurationList;
			buildConfigurations = (
				4DD0A72F2AD24DBD00F72473 /* Debug */,
				4DD0A7302AD24DBD00F72473 /* Release */,
			);
			defaultConfigurationIsVisible = 0;
			defaultConfigurationName = Release;
		};
		4DD0A74F2AD2751100F72473 /* Build configuration list for PBXNativeTarget "IssueTrackerUITests" */ = {
			isa = XCConfigurationList;
			buildConfigurations = (
				4DD0A7502AD2751100F72473 /* Debug */,
				4DD0A7512AD2751100F72473 /* Release */,
			);
			defaultConfigurationIsVisible = 0;
			defaultConfigurationName = Release;
		};
/* End XCConfigurationList section */

/* Begin XCVersionGroup section */
		4D1E473D2ACF5C0500A74E79 /* Main.xcdatamodeld */ = {
			isa = XCVersionGroup;
			children = (
				4D1E473E2ACF5C0500A74E79 /* Main.xcdatamodel */,
			);
			currentVersion = 4D1E473E2ACF5C0500A74E79 /* Main.xcdatamodel */;
			path = Main.xcdatamodeld;
			sourceTree = "<group>";
			versionGroupType = wrapper.xcdatamodel;
		};
/* End XCVersionGroup section */
	};
	rootObject = 4D1E47232ACF5B9000A74E79 /* Project object */;
}
